
Microsoft Visual Studio Solution File, Format Version 12.00
# Visual Studio 2012
Project("{FAE04EC0-301F-11D3-BF4B-00C04F79EFBC}") = "PushSharp.Core", "PushSharp.Core.csproj", "{A8358898-B7B4-4A08-B140-C383ABA9F6C0}"
EndProject
Project("{FAE04EC0-301F-11D3-BF4B-00C04F79EFBC}") = "PushSharp.Apple", "PushSharp.Apple\PushSharp.Apple.csproj", "{6B6BDE75-B178-4864-A47E-9B5D54433AC2}"
EndProject
Global
	GlobalSection(SolutionConfigurationPlatforms) = preSolution
		Debug|Any CPU = Debug|Any CPU
		Release|Any CPU = Release|Any CPU
	EndGlobalSection
	GlobalSection(ProjectConfigurationPlatforms) = postSolution
		{A8358898-B7B4-4A08-B140-C383ABA9F6C0}.Debug|Any CPU.ActiveCfg = Debug|Any CPU
		{A8358898-B7B4-4A08-B140-C383ABA9F6C0}.Debug|Any CPU.Build.0 = Debug|Any CPU
		{A8358898-B7B4-4A08-B140-C383ABA9F6C0}.Release|Any CPU.ActiveCfg = Release|Any CPU
		{A8358898-B7B4-4A08-B140-C383ABA9F6C0}.Release|Any CPU.Build.0 = Release|Any CPU
		{6B6BDE75-B178-4864-A47E-9B5D54433AC2}.Debug|Any CPU.ActiveCfg = Debug|Any CPU
		{6B6BDE75-B178-4864-A47E-9B5D54433AC2}.Debug|Any CPU.Build.0 = Debug|Any CPU
		{6B6BDE75-B178-4864-A47E-9B5D54433AC2}.Release|Any CPU.ActiveCfg = Release|Any CPU
		{6B6BDE75-B178-4864-A47E-9B5D54433AC2}.Release|Any CPU.Build.0 = Release|Any CPU
	EndGlobalSection
EndGlobal
