Microsoft Visual Studio Solution File, Format Version 12.00
# Visual Studio Version 16
VisualStudioVersion = 16.0.29306.81
MinimumVisualStudioVersion = 10.0.40219.1
Project("{9A19103F-16F7-4668-BE54-9A1E7A4F7556}") = "PushSharp.Core", "PushSharp.Core.csproj", "{A8358898-B7B4-4A08-B140-C383ABA9F6C0}"
EndProject
Project("{FAE04EC0-301F-11D3-BF4B-00C04F79EFBC}") = "PushSharp.Apple", "..\PushSharp.Apple\PushSharp.Apple.csproj", "{FDA8A29C-532E-4D36-BE36-4DC8DD724B99}"
EndProject
Global
	GlobalSection(SolutionConfigurationPlatforms) = preSolution
		Debug|Any CPU = Debug|Any CPU
		Release|Any CPU = Release|Any CPU
	EndGlobalSection
	GlobalSection(ProjectConfigurationPlatforms) = postSolution
		{A8358898-B7B4-4A08-B140-C383ABA9F6C0}.Debug|Any CPU.ActiveCfg = Debug|Any CPU
		{A8358898-B7B4-4A08-B140-C383ABA9F6C0}.Debug|Any CPU.Build.0 = Debug|Any CPU
		{A8358898-B7B4-4A08-B140-C383ABA9F6C0}.Release|Any CPU.ActiveCfg = Release|Any CPU
		{A8358898-B7B4-4A08-B140-C383ABA9F6C0}.Release|Any CPU.Build.0 = Release|Any CPU
		{FDA8A29C-532E-4D36-BE36-4DC8DD724B99}.Debug|Any CPU.ActiveCfg = Debug|Any CPU
		{FDA8A29C-532E-4D36-BE36-4DC8DD724B99}.Debug|Any CPU.Build.0 = Debug|Any CPU
		{FDA8A29C-532E-4D36-BE36-4DC8DD724B99}.Release|Any CPU.ActiveCfg = Release|Any CPU
		{FDA8A29C-532E-4D36-BE36-4DC8DD724B99}.Release|Any CPU.Build.0 = Release|Any CPU
	EndGlobalSection
	GlobalSection(SolutionProperties) = preSolution
		HideSolutionNode = FALSE
	EndGlobalSection
	GlobalSection(ExtensibilityGlobals) = postSolution
		SolutionGuid = {BF3A77F0-DAD2-4B76-AA4F-7B26E866F215}
	EndGlobalSection
EndGlobal
